
Microsoft Visual Studio Solution File, Format Version 12.00
# Visual Studio Version 16
VisualStudioVersion = 16.0.30204.135
MinimumVisualStudioVersion = 10.0.40219.1
Project("{2150E333-8FDC-42A3-9474-1A3956D46DE8}") = "src", "src", "{3318EC3F-9AB6-4C6C-A40E-9935496B33BC}"
EndProject
Project("{2150E333-8FDC-42A3-9474-1A3956D46DE8}") = "examples", "examples", "{EA3EDD11-309A-4F6D-8E60-3521491564E7}"
EndProject
Project("{2150E333-8FDC-42A3-9474-1A3956D46DE8}") = "tests", "tests", "{D4B2E6AE-CBF9-42A2-AE4E-8EE29A371532}"
EndProject
Project("{9A19103F-16F7-4668-BE54-9A1E7A4F7556}") = "Tiny.ServiceBus", "src\Tiny.ServiceBus\Tiny.ServiceBus.csproj", "{8E7F798F-04FD-4B03-AA89-61E28054791E}"
EndProject
Project("{9A19103F-16F7-4668-BE54-9A1E7A4F7556}") = "Tiny.ServiceBus.Example", "examples\Tiny.ServiceBus.Example\Tiny.ServiceBus.Example.csproj", "{03CE36CF-9EB6-46C8-BF5A-CA1B75E4BE7F}"
EndProject
Project("{9A19103F-16F7-4668-BE54-9A1E7A4F7556}") = "Tiny.ServiceBus.Tests", "tests\Tiny.ServiceBus.Tests\Tiny.ServiceBus.Tests.csproj", "{F878EA67-EC57-42A9-A00F-FFD6314D4273}"
EndProject
Global
	GlobalSection(SolutionConfigurationPlatforms) = preSolution
		Debug|Any CPU = Debug|Any CPU
		Release|Any CPU = Release|Any CPU
	EndGlobalSection
	GlobalSection(ProjectConfigurationPlatforms) = postSolution
		{8E7F798F-04FD-4B03-AA89-61E28054791E}.Debug|Any CPU.ActiveCfg = Debug|Any CPU
		{8E7F798F-04FD-4B03-AA89-61E28054791E}.Debug|Any CPU.Build.0 = Debug|Any CPU
		{8E7F798F-04FD-4B03-AA89-61E28054791E}.Release|Any CPU.ActiveCfg = Release|Any CPU
		{8E7F798F-04FD-4B03-AA89-61E28054791E}.Release|Any CPU.Build.0 = Release|Any CPU
		{03CE36CF-9EB6-46C8-BF5A-CA1B75E4BE7F}.Debug|Any CPU.ActiveCfg = Debug|Any CPU
		{03CE36CF-9EB6-46C8-BF5A-CA1B75E4BE7F}.Debug|Any CPU.Build.0 = Debug|Any CPU
		{03CE36CF-9EB6-46C8-BF5A-CA1B75E4BE7F}.Release|Any CPU.ActiveCfg = Release|Any CPU
		{03CE36CF-9EB6-46C8-BF5A-CA1B75E4BE7F}.Release|Any CPU.Build.0 = Release|Any CPU
		{F878EA67-EC57-42A9-A00F-FFD6314D4273}.Debug|Any CPU.ActiveCfg = Debug|Any CPU
		{F878EA67-EC57-42A9-A00F-FFD6314D4273}.Debug|Any CPU.Build.0 = Debug|Any CPU
		{F878EA67-EC57-42A9-A00F-FFD6314D4273}.Release|Any CPU.ActiveCfg = Release|Any CPU
		{F878EA67-EC57-42A9-A00F-FFD6314D4273}.Release|Any CPU.Build.0 = Release|Any CPU
	EndGlobalSection
	GlobalSection(SolutionProperties) = preSolution
		HideSolutionNode = FALSE
	EndGlobalSection
	GlobalSection(NestedProjects) = preSolution
		{8E7F798F-04FD-4B03-AA89-61E28054791E} = {3318EC3F-9AB6-4C6C-A40E-9935496B33BC}
		{03CE36CF-9EB6-46C8-BF5A-CA1B75E4BE7F} = {EA3EDD11-309A-4F6D-8E60-3521491564E7}
		{F878EA67-EC57-42A9-A00F-FFD6314D4273} = {D4B2E6AE-CBF9-42A2-AE4E-8EE29A371532}
	EndGlobalSection
	GlobalSection(ExtensibilityGlobals) = postSolution
		SolutionGuid = {18F12377-5E3D-4387-9442-BA9DDD4984E7}
	EndGlobalSection
EndGlobal
